
Microsoft Visual Studio Solution File, Format Version 12.00
# Visual Studio 2013
VisualStudioVersion = 12.0.40629.0
MinimumVisualStudioVersion = 10.0.40219.1
Project("{FAE04EC0-301F-11D3-BF4B-00C04F79EFBC}") = "TheBox_API", "TheBox_API\TheBox_API.csproj", "{C6209B3E-869B-47D2-A8B0-2AC5CA2CB30C}"
EndProject
Project("{FAE04EC0-301F-11D3-BF4B-00C04F79EFBC}") = "TheBoxApp_Web", "TheBoxApp_Web\TheBoxApp_Web.csproj", "{7C4A5306-A860-471F-89E1-9AE319B4F207}"
EndProject
Global
	GlobalSection(SolutionConfigurationPlatforms) = preSolution
		Debug|Any CPU = Debug|Any CPU
		Release|Any CPU = Release|Any CPU
	EndGlobalSection
	GlobalSection(ProjectConfigurationPlatforms) = postSolution
		{C6209B3E-869B-47D2-A8B0-2AC5CA2CB30C}.Debug|Any CPU.ActiveCfg = Debug|Any CPU
		{C6209B3E-869B-47D2-A8B0-2AC5CA2CB30C}.Debug|Any CPU.Build.0 = Debug|Any CPU
		{C6209B3E-869B-47D2-A8B0-2AC5CA2CB30C}.Release|Any CPU.ActiveCfg = Release|Any CPU
		{C6209B3E-869B-47D2-A8B0-2AC5CA2CB30C}.Release|Any CPU.Build.0 = Release|Any CPU
		{7C4A5306-A860-471F-89E1-9AE319B4F207}.Debug|Any CPU.ActiveCfg = Debug|Any CPU
		{7C4A5306-A860-471F-89E1-9AE319B4F207}.Debug|Any CPU.Build.0 = Debug|Any CPU
		{7C4A5306-A860-471F-89E1-9AE319B4F207}.Release|Any CPU.ActiveCfg = Release|Any CPU
		{7C4A5306-A860-471F-89E1-9AE319B4F207}.Release|Any CPU.Build.0 = Release|Any CPU
	EndGlobalSection
	GlobalSection(SolutionProperties) = preSolution
		HideSolutionNode = FALSE
	EndGlobalSection
EndGlobal
